
Microsoft Visual Studio Solution File, Format Version 12.00
# Visual Studio 15
VisualStudioVersion = 15.0.28307.106
MinimumVisualStudioVersion = 10.0.40219.1
Project("{FAE04EC0-301F-11D3-BF4B-00C04F79EFBC}") = "case513", "case513\case513.csproj", "{E2A7743B-C839-4CAE-ABB6-868634898E23}"
EndProject
Global
	GlobalSection(SolutionConfigurationPlatforms) = preSolution
		Debug|Any CPU = Debug|Any CPU
		Release|Any CPU = Release|Any CPU
	EndGlobalSection
	GlobalSection(ProjectConfigurationPlatforms) = postSolution
		{E2A7743B-C839-4CAE-ABB6-868634898E23}.Debug|Any CPU.ActiveCfg = Debug|Any CPU
		{E2A7743B-C839-4CAE-ABB6-868634898E23}.Debug|Any CPU.Build.0 = Debug|Any CPU
		{E2A7743B-C839-4CAE-ABB6-868634898E23}.Release|Any CPU.ActiveCfg = Release|Any CPU
		{E2A7743B-C839-4CAE-ABB6-868634898E23}.Release|Any CPU.Build.0 = Release|Any CPU
	EndGlobalSection
	GlobalSection(SolutionProperties) = preSolution
		HideSolutionNode = FALSE
	EndGlobalSection
	GlobalSection(ExtensibilityGlobals) = postSolution
		SolutionGuid = {860F2969-1160-461A-BBF5-6A39E59A01A6}
	EndGlobalSection
EndGlobal
