
Microsoft Visual Studio Solution File, Format Version 12.00
# Visual Studio 14
VisualStudioVersion = 14.0.25420.1
MinimumVisualStudioVersion = 10.0.40219.1
Project("{FAE04EC0-301F-11D3-BF4B-00C04F79EFBC}") = "SVDPP", "SVDPP\SVDPP.csproj", "{CC19162A-86A4-4725-A852-4FB3B6CEEEED}"
EndProject
Global
	GlobalSection(SolutionConfigurationPlatforms) = preSolution
		Debug|Any CPU = Debug|Any CPU
		Release|Any CPU = Release|Any CPU
	EndGlobalSection
	GlobalSection(ProjectConfigurationPlatforms) = postSolution
		{CC19162A-86A4-4725-A852-4FB3B6CEEEED}.Debug|Any CPU.ActiveCfg = Debug|Any CPU
		{CC19162A-86A4-4725-A852-4FB3B6CEEEED}.Debug|Any CPU.Build.0 = Debug|Any CPU
		{CC19162A-86A4-4725-A852-4FB3B6CEEEED}.Release|Any CPU.ActiveCfg = Release|Any CPU
		{CC19162A-86A4-4725-A852-4FB3B6CEEEED}.Release|Any CPU.Build.0 = Release|Any CPU
	EndGlobalSection
	GlobalSection(SolutionProperties) = preSolution
		HideSolutionNode = FALSE
	EndGlobalSection
EndGlobal
